{
  "version": 4,
  "terraform_version": "0.13.5",
  "serial": 34,
  "lineage": "fbbae5e5-92cd-249d-c937-6853bfdcd345",
  "outputs": {
    "elb_dns_name": {
      "value": "wp-alb-400898233.ap-northeast-1.elb.amazonaws.com",
      "type": "string"
    },
    "rds_endpoint": {
      "value": "wpdb.cvmknw1a3l7v.ap-northeast-1.rds.amazonaws.com:3306",
      "type": "string"
    }
  },
  "resources": [
    {
      "mode": "data",
      "type": "template_file",
      "name": "script",
      "provider": "provider[\"registry.terraform.io/hashicorp/template\"]",
      "instances": [
        {
          "schema_version": 0,
          "attributes": {
            "filename": null,
            "id": "18e8352020a86e86b64093e1eda923c4927da0bf0c37ab5eb641d13d0486d9ff",
            "rendered": "#!/bin/bash\nyum update -y\n\n#EFSマウント設定\nyum install -y amazon-efs-utils\nefs_id=\"fs-070bafb2380ea986d\"\necho \"$efs_id:/ /var/www/html efs defaults,_netdev 0 0\" \u003e\u003e /etc/fstab\n\n#RDS for MySQL接続クライアントインストール\nyum install -y php php-dom php-gd php-mysql\nyum localinstall https://dev.mysql.com/get/mysql80-community-release-el7-1.noarch.rpm -y\nyum-config-manager --disable mysql80-community\nyum-config-manager --enable mysql57-community\nyum -y install mysql-community-client.x86_64\n\n#/etc/fstabに記載がある全てのデバイスをマウント\nmount -a\n\n#WordPress初期化\n#WordPress関連のフォルダが存在しなければ配置\nif [ ! -e /var/www/html/wp-admin ]; then   \n  cd /tmp\n  wget https://wordpress.org/wordpress-5.0.7.tar.gz\n  tar xzvf /tmp/wordpress-5.0.7.tar.gz --strip 1 -C /var/www/html\n  rm /tmp/wordpress-5.0.7.tar.gz\nfi\n\n#ファイルやディレクトリのユーザやグループを変更\nchown -R apache:apache /var/www/html\n\n#Apache自動起動を有効化\nsystemctl enable httpd\n\n#Apache起動\nsystemctl start httpd",
            "template": "#!/bin/bash\nyum update -y\n\n#EFSマウント設定\nyum install -y amazon-efs-utils\nefs_id=\"${efs_id}\"\necho \"$efs_id:/ /var/www/html efs defaults,_netdev 0 0\" \u003e\u003e /etc/fstab\n\n#RDS for MySQL接続クライアントインストール\nyum install -y php php-dom php-gd php-mysql\nyum localinstall https://dev.mysql.com/get/mysql80-community-release-el7-1.noarch.rpm -y\nyum-config-manager --disable mysql80-community\nyum-config-manager --enable mysql57-community\nyum -y install mysql-community-client.x86_64\n\n#/etc/fstabに記載がある全てのデバイスをマウント\nmount -a\n\n#WordPress初期化\n#WordPress関連のフォルダが存在しなければ配置\nif [ ! -e /var/www/html/wp-admin ]; then   \n  cd /tmp\n  wget https://wordpress.org/wordpress-5.0.7.tar.gz\n  tar xzvf /tmp/wordpress-5.0.7.tar.gz --strip 1 -C /var/www/html\n  rm /tmp/wordpress-5.0.7.tar.gz\nfi\n\n#ファイルやディレクトリのユーザやグループを変更\nchown -R apache:apache /var/www/html\n\n#Apache自動起動を有効化\nsystemctl enable httpd\n\n#Apache起動\nsystemctl start httpd",
            "vars": {
              "efs_id": "fs-070bafb2380ea986d"
            }
          }
        }
      ]
    },
    {
      "mode": "managed",
      "type": "aws_autoscaling_group",
      "name": "ec2_ag",
      "provider": "provider[\"registry.terraform.io/hashicorp/aws\"]",
      "instances": [
        {
          "schema_version": 0,
          "attributes": {
            "arn": "arn:aws:autoscaling:ap-northeast-1:049405057902:autoScalingGroup:1eae6e13-a02f-47f4-a5d3-78f91d910146:autoScalingGroupName/wp_dev_ec2_ag",
            "availability_zones": [
              "ap-northeast-1a",
              "ap-northeast-1c"
            ],
            "default_cooldown": 300,
            "desired_capacity": 2,
            "enabled_metrics": [],
            "force_delete": false,
            "health_check_grace_period": 300,
            "health_check_type": "EC2",
            "id": "wp_dev_ec2_ag",
            "initial_lifecycle_hook": [],
            "launch_configuration": "",
            "launch_template": [
              {
                "id": "lt-019016e507f9d8bc5",
                "name": "ec2_launch",
                "version": "$Latest"
              }
            ],
            "load_balancers": [],
            "max_instance_lifetime": 0,
            "max_size": 4,
            "metrics_granularity": "1Minute",
            "min_elb_capacity": null,
            "min_size": 2,
            "mixed_instances_policy": [],
            "name": "wp_dev_ec2_ag",
            "name_prefix": null,
            "placement_group": "",
            "protect_from_scale_in": false,
            "service_linked_role_arn": "arn:aws:iam::049405057902:role/aws-service-role/autoscaling.amazonaws.com/AWSServiceRoleForAutoScaling",
            "suspended_processes": [],
            "tag": [],
            "tags": null,
            "target_group_arns": [
              "arn:aws:elasticloadbalancing:ap-northeast-1:049405057902:targetgroup/wp-dev-alb-tg-http/83ec36254655a11a"
            ],
            "termination_policies": [],
            "timeouts": null,
            "vpc_zone_identifier": [
              "subnet-058cf1ee0b2aa8906",
              "subnet-0f3d7bc4efd4e3132"
            ],
            "wait_for_capacity_timeout": "10m",
            "wait_for_elb_capacity": null
          },
          "private": "eyJlMmJmYjczMC1lY2FhLTExZTYtOGY4OC0zNDM2M2JjN2M0YzAiOnsiZGVsZXRlIjo2MDAwMDAwMDAwMDB9fQ==",
          "dependencies": [
            "aws_efs_file_system.efs",
            "aws_key_pair.wp_ec2",
            "aws_launch_template.ec2_launch",
            "aws_lb_target_group.ec2_http",
            "aws_security_group.ec2",
            "aws_subnet.sub_pub_1a",
            "aws_subnet.sub_pub_1c",
            "aws_vpc.vpc",
            "data.template_file.script"
          ]
        }
      ]
    },
    {
      "mode": "managed",
      "type": "aws_db_instance",
      "name": "rds",
      "provider": "provider[\"registry.terraform.io/hashicorp/aws\"]",
      "instances": [
        {
          "schema_version": 1,
          "attributes": {
            "address": "wpdb.cvmknw1a3l7v.ap-northeast-1.rds.amazonaws.com",
            "allocated_storage": 20,
            "allow_major_version_upgrade": null,
            "apply_immediately": null,
            "arn": "arn:aws:rds:ap-northeast-1:049405057902:db:wpdb",
            "auto_minor_version_upgrade": true,
            "availability_zone": "ap-northeast-1c",
            "backup_retention_period": 7,
            "backup_window": "22:29-22:59",
            "ca_cert_identifier": "rds-ca-2019",
            "character_set_name": null,
            "copy_tags_to_snapshot": false,
            "db_subnet_group_name": "dbsubnet",
            "delete_automated_backups": true,
            "deletion_protection": false,
            "domain": "",
            "domain_iam_role_name": "",
            "enabled_cloudwatch_logs_exports": [],
            "endpoint": "wpdb.cvmknw1a3l7v.ap-northeast-1.rds.amazonaws.com:3306",
            "engine": "mysql",
            "engine_version": "5.7.36",
            "final_snapshot_identifier": null,
            "hosted_zone_id": "Z24O6O9L7SGTNB",
            "iam_database_authentication_enabled": false,
            "id": "wpdb",
            "identifier": "wpdb",
            "identifier_prefix": null,
            "instance_class": "db.t2.micro",
            "iops": 0,
            "kms_key_id": "",
            "license_model": "general-public-license",
            "maintenance_window": "thu:20:23-thu:20:53",
            "max_allocated_storage": 200,
            "monitoring_interval": 0,
            "monitoring_role_arn": "",
            "multi_az": true,
            "name": "wpdb",
            "option_group_name": "wp-dev-db-og",
            "parameter_group_name": "wp-dev-db-pg",
            "password": "SuperSecret",
            "performance_insights_enabled": false,
            "performance_insights_kms_key_id": "",
            "performance_insights_retention_period": 0,
            "port": 3306,
            "publicly_accessible": false,
            "replicas": [],
            "replicate_source_db": "",
            "resource_id": "db-XUDIQ2FVIMZ4AN6LHEWUSC5T6A",
            "s3_import": [],
            "security_group_names": [],
            "skip_final_snapshot": true,
            "snapshot_identifier": null,
            "status": "available",
            "storage_encrypted": false,
            "storage_type": "gp2",
            "tags": {
              "Name": "wp_dev_rds"
            },
            "timeouts": null,
            "timezone": "",
            "username": "dbadmin",
            "vpc_security_group_ids": [
              "sg-05d5d5a136d7a7f21"
            ]
          },
          "private": "eyJlMmJmYjczMC1lY2FhLTExZTYtOGY4OC0zNDM2M2JjN2M0YzAiOnsiY3JlYXRlIjoyNDAwMDAwMDAwMDAwLCJkZWxldGUiOjM2MDAwMDAwMDAwMDAsInVwZGF0ZSI6NDgwMDAwMDAwMDAwMH0sInNjaGVtYV92ZXJzaW9uIjoiMSJ9",
          "dependencies": [
            "aws_db_option_group.db_og",
            "aws_db_parameter_group.db_pg",
            "aws_db_subnet_group.db_sub_gp",
            "aws_security_group.ec2",
            "aws_security_group.rds",
            "aws_subnet.sub_db_pri_1a",
            "aws_subnet.sub_db_pri_1c",
            "aws_vpc.vpc"
          ]
        }
      ]
    },
    {
      "mode": "managed",
      "type": "aws_db_option_group",
      "name": "db_og",
      "provider": "provider[\"registry.terraform.io/hashicorp/aws\"]",
      "instances": [
        {
          "schema_version": 0,
          "attributes": {
            "arn": "arn:aws:rds:ap-northeast-1:049405057902:og:wp-dev-db-og",
            "engine_name": "mysql",
            "id": "wp-dev-db-og",
            "major_engine_version": "5.7",
            "name": "wp-dev-db-og",
            "name_prefix": null,
            "option": [],
            "option_group_description": "Managed by Terraform",
            "tags": {},
            "timeouts": null
          },
          "private": "eyJlMmJmYjczMC1lY2FhLTExZTYtOGY4OC0zNDM2M2JjN2M0YzAiOnsiZGVsZXRlIjo5MDAwMDAwMDAwMDB9fQ=="
        }
      ]
    },
    {
      "mode": "managed",
      "type": "aws_db_parameter_group",
      "name": "db_pg",
      "provider": "provider[\"registry.terraform.io/hashicorp/aws\"]",
      "instances": [
        {
          "schema_version": 0,
          "attributes": {
            "arn": "arn:aws:rds:ap-northeast-1:049405057902:pg:wp-dev-db-pg",
            "description": "Managed by Terraform",
            "family": "mysql5.7",
            "id": "wp-dev-db-pg",
            "name": "wp-dev-db-pg",
            "name_prefix": null,
            "parameter": [],
            "tags": {}
          },
          "private": "bnVsbA=="
        }
      ]
    },
    {
      "mode": "managed",
      "type": "aws_db_subnet_group",
      "name": "db_sub_gp",
      "provider": "provider[\"registry.terraform.io/hashicorp/aws\"]",
      "instances": [
        {
          "schema_version": 0,
          "attributes": {
            "arn": "arn:aws:rds:ap-northeast-1:049405057902:subgrp:dbsubnet",
            "description": "Managed by Terraform",
            "id": "dbsubnet",
            "name": "dbsubnet",
            "name_prefix": null,
            "subnet_ids": [
              "subnet-096cd96f1afbfe034",
              "subnet-0fd818aafe509cad4"
            ],
            "tags": {
              "Name": "wp_dev_sub_gp"
            }
          },
          "private": "bnVsbA==",
          "dependencies": [
            "aws_subnet.sub_db_pri_1a",
            "aws_subnet.sub_db_pri_1c",
            "aws_vpc.vpc"
          ]
        }
      ]
    },
    {
      "mode": "managed",
      "type": "aws_efs_file_system",
      "name": "efs",
      "provider": "provider[\"registry.terraform.io/hashicorp/aws\"]",
      "instances": [
        {
          "schema_version": 0,
          "attributes": {
            "arn": "arn:aws:elasticfilesystem:ap-northeast-1:049405057902:file-system/fs-070bafb2380ea986d",
            "creation_token": "terraform-20220302082734783300000001",
            "dns_name": "fs-070bafb2380ea986d.efs.ap-northeast-1.amazonaws.com",
            "encrypted": false,
            "id": "fs-070bafb2380ea986d",
            "kms_key_id": "",
            "lifecycle_policy": [],
            "performance_mode": "generalPurpose",
            "provisioned_throughput_in_mibps": 0,
            "tags": {
              "Name": "wp-dev-efs"
            },
            "throughput_mode": "bursting"
          },
          "private": "bnVsbA=="
        }
      ]
    },
    {
      "mode": "managed",
      "type": "aws_efs_mount_target",
      "name": "efs_1a",
      "provider": "provider[\"registry.terraform.io/hashicorp/aws\"]",
      "instances": [
        {
          "schema_version": 0,
          "attributes": {
            "availability_zone_id": "apne1-az4",
            "availability_zone_name": "ap-northeast-1a",
            "dns_name": "fs-070bafb2380ea986d.efs.ap-northeast-1.amazonaws.com",
            "file_system_arn": "arn:aws:elasticfilesystem:ap-northeast-1:049405057902:file-system/fs-070bafb2380ea986d",
            "file_system_id": "fs-070bafb2380ea986d",
            "id": "fsmt-034823a646d1e8f9d",
            "ip_address": "10.0.0.253",
            "mount_target_dns_name": "ap-northeast-1a.fs-070bafb2380ea986d.efs.ap-northeast-1.amazonaws.com",
            "network_interface_id": "eni-0cd09b71228b34e0a",
            "owner_id": "049405057902",
            "security_groups": [
              "sg-0496b4fc3b836d6bf"
            ],
            "subnet_id": "subnet-058cf1ee0b2aa8906"
          },
          "private": "bnVsbA==",
          "dependencies": [
            "aws_efs_file_system.efs",
            "aws_security_group.ec2",
            "aws_security_group.efs",
            "aws_subnet.sub_pub_1a",
            "aws_vpc.vpc"
          ]
        }
      ]
    },
    {
      "mode": "managed",
      "type": "aws_efs_mount_target",
      "name": "efs_1c",
      "provider": "provider[\"registry.terraform.io/hashicorp/aws\"]",
      "instances": [
        {
          "schema_version": 0,
          "attributes": {
            "availability_zone_id": "apne1-az1",
            "availability_zone_name": "ap-northeast-1c",
            "dns_name": "fs-070bafb2380ea986d.efs.ap-northeast-1.amazonaws.com",
            "file_system_arn": "arn:aws:elasticfilesystem:ap-northeast-1:049405057902:file-system/fs-070bafb2380ea986d",
            "file_system_id": "fs-070bafb2380ea986d",
            "id": "fsmt-00f53f0a062cc382f",
            "ip_address": "10.0.1.138",
            "mount_target_dns_name": "ap-northeast-1c.fs-070bafb2380ea986d.efs.ap-northeast-1.amazonaws.com",
            "network_interface_id": "eni-030ad07b90d8942ce",
            "owner_id": "049405057902",
            "security_groups": [
              "sg-0496b4fc3b836d6bf"
            ],
            "subnet_id": "subnet-0f3d7bc4efd4e3132"
          },
          "private": "bnVsbA==",
          "dependencies": [
            "aws_efs_file_system.efs",
            "aws_security_group.ec2",
            "aws_security_group.efs",
            "aws_subnet.sub_pub_1c",
            "aws_vpc.vpc"
          ]
        }
      ]
    },
    {
      "mode": "managed",
      "type": "aws_internet_gateway",
      "name": "igw",
      "provider": "provider[\"registry.terraform.io/hashicorp/aws\"]",
      "instances": [
        {
          "schema_version": 0,
          "attributes": {
            "arn": "arn:aws:ec2:ap-northeast-1:049405057902:internet-gateway/igw-048e0a7bea51c6d8d",
            "id": "igw-048e0a7bea51c6d8d",
            "owner_id": "049405057902",
            "tags": {
              "Name": "wp_dev_igw"
            },
            "vpc_id": "vpc-062f3fe63149620a8"
          },
          "private": "bnVsbA==",
          "dependencies": [
            "aws_vpc.vpc"
          ]
        }
      ]
    },
    {
      "mode": "managed",
      "type": "aws_key_pair",
      "name": "wp_ec2",
      "provider": "provider[\"registry.terraform.io/hashicorp/aws\"]",
      "instances": [
        {
          "schema_version": 1,
          "attributes": {
            "arn": "arn:aws:ec2:ap-northeast-1:049405057902:key-pair/wp_ec2",
            "fingerprint": "d5:c2:c1:16:52:2c:df:8b:21:d4:63:61:96:32:c9:42",
            "id": "wp_ec2",
            "key_name": "wp_ec2",
            "key_name_prefix": null,
            "key_pair_id": "key-005562f320cd1bf98",
            "public_key": "ssh-rsa AAAAB3NzaC1yc2EAAAADAQABAAABAQC9dJape7FIS5xVmXlLoGNwQSSKfvnbSmwDmm47baBTO90faKsFEaSn7gdifunLhWLJ1WS0S9enEjCGAI0gfDO6VplZ0uX1ABFDbZvuOAO/Wn25YaglKUityrmmemSqaPA1j29iAEdp5YDX0KCcwHizQM3KqOiA5ho+zMwfEnWFafQ27mZXk7fW+W0Wc3OyuRzpZhBuTLU3xo1JH1drO1RQLkJ4YmJ15rdvv11MPLZPrQYoYRMXVuPz7tcHfYU3KRFw82TJ/4ZhPuQ57MifRTc30WgKRUwr1SscxMgdhcMxXjA+FOqdHnRYF9IhH9s+gjoh3qXg6QHtTCCM2WEmeiwl ec2-user@ip-10-100-1-19.ap-northeast-1.compute.internal",
            "tags": {}
          },
          "private": "eyJzY2hlbWFfdmVyc2lvbiI6IjEifQ=="
        }
      ]
    },
    {
      "mode": "managed",
      "type": "aws_launch_template",
      "name": "ec2_launch",
      "provider": "provider[\"registry.terraform.io/hashicorp/aws\"]",
      "instances": [
        {
          "schema_version": 0,
          "attributes": {
            "arn": "arn:aws:ec2:ap-northeast-1:049405057902:launch-template/lt-019016e507f9d8bc5",
            "block_device_mappings": [
              {
                "device_name": "/dev/xvda",
                "ebs": [
                  {
                    "delete_on_termination": "true",
                    "encrypted": "",
                    "iops": 0,
                    "kms_key_id": "",
                    "snapshot_id": "",
                    "volume_size": 30,
                    "volume_type": "gp2"
                  }
                ],
                "no_device": "",
                "virtual_name": ""
              }
            ],
            "capacity_reservation_specification": [],
            "cpu_options": [],
            "credit_specification": [],
            "default_version": 1,
            "description": "",
            "disable_api_termination": false,
            "ebs_optimized": "",
            "elastic_gpu_specifications": [],
            "elastic_inference_accelerator": [],
            "hibernation_options": [],
            "iam_instance_profile": [],
            "id": "lt-019016e507f9d8bc5",
            "image_id": "ami-0ce107ae7af2e92b5",
            "instance_initiated_shutdown_behavior": "",
            "instance_market_options": [],
            "instance_type": "t2.small",
            "kernel_id": "",
            "key_name": "wp_ec2",
            "latest_version": 1,
            "license_specification": [],
            "metadata_options": [],
            "monitoring": [],
            "name": "ec2_launch",
            "name_prefix": null,
            "network_interfaces": [],
            "placement": [],
            "ram_disk_id": "",
            "security_group_names": [],
            "tag_specifications": [
              {
                "resource_type": "instance",
                "tags": {
                  "Name": "wp_dev_ec2"
                }
              }
            ],
            "tags": {
              "Name": "wp_dev_ec2_lt"
            },
            "update_default_version": null,
            "user_data": "IyEvYmluL2Jhc2gKeXVtIHVwZGF0ZSAteQoKI0VGU+ODnuOCpuODs+ODiOioreWumgp5dW0gaW5zdGFsbCAteSBhbWF6b24tZWZzLXV0aWxzCmVmc19pZD0iZnMtMDcwYmFmYjIzODBlYTk4NmQiCmVjaG8gIiRlZnNfaWQ6LyAvdmFyL3d3dy9odG1sIGVmcyBkZWZhdWx0cyxfbmV0ZGV2IDAgMCIgPj4gL2V0Yy9mc3RhYgoKI1JEUyBmb3IgTXlTUUzmjqXntprjgq/jg6njgqTjgqLjg7Pjg4jjgqTjg7Pjgrnjg4jjg7zjg6sKeXVtIGluc3RhbGwgLXkgcGhwIHBocC1kb20gcGhwLWdkIHBocC1teXNxbAp5dW0gbG9jYWxpbnN0YWxsIGh0dHBzOi8vZGV2Lm15c3FsLmNvbS9nZXQvbXlzcWw4MC1jb21tdW5pdHktcmVsZWFzZS1lbDctMS5ub2FyY2gucnBtIC15Cnl1bS1jb25maWctbWFuYWdlciAtLWRpc2FibGUgbXlzcWw4MC1jb21tdW5pdHkKeXVtLWNvbmZpZy1tYW5hZ2VyIC0tZW5hYmxlIG15c3FsNTctY29tbXVuaXR5Cnl1bSAteSBpbnN0YWxsIG15c3FsLWNvbW11bml0eS1jbGllbnQueDg2XzY0CgojL2V0Yy9mc3RhYuOBq+iomOi8ieOBjOOBguOCi+WFqOOBpuOBruODh+ODkOOCpOOCueOCkuODnuOCpuODs+ODiAptb3VudCAtYQoKI1dvcmRQcmVzc+WIneacn+WMlgojV29yZFByZXNz6Zai6YCj44Gu44OV44Kp44Or44OA44GM5a2Y5Zyo44GX44Gq44GR44KM44Gw6YWN572uCmlmIFsgISAtZSAvdmFyL3d3dy9odG1sL3dwLWFkbWluIF07IHRoZW4gICAKICBjZCAvdG1wCiAgd2dldCBodHRwczovL3dvcmRwcmVzcy5vcmcvd29yZHByZXNzLTUuMC43LnRhci5negogIHRhciB4enZmIC90bXAvd29yZHByZXNzLTUuMC43LnRhci5neiAtLXN0cmlwIDEgLUMgL3Zhci93d3cvaHRtbAogIHJtIC90bXAvd29yZHByZXNzLTUuMC43LnRhci5negpmaQoKI+ODleOCoeOCpOODq+OChOODh+OCo+ODrOOCr+ODiOODquOBruODpuODvOOCtuOChOOCsOODq+ODvOODl+OCkuWkieabtApjaG93biAtUiBhcGFjaGU6YXBhY2hlIC92YXIvd3d3L2h0bWwKCiNBcGFjaGXoh6rli5Xotbfli5XjgpLmnInlirnljJYKc3lzdGVtY3RsIGVuYWJsZSBodHRwZAoKI0FwYWNoZei1t+WLlQpzeXN0ZW1jdGwgc3RhcnQgaHR0cGQ=",
            "vpc_security_group_ids": [
              "sg-0418aa45272d17552"
            ]
          },
          "private": "bnVsbA==",
          "dependencies": [
            "aws_efs_file_system.efs",
            "aws_key_pair.wp_ec2",
            "aws_security_group.ec2",
            "aws_vpc.vpc",
            "data.template_file.script"
          ]
        }
      ]
    },
    {
      "mode": "managed",
      "type": "aws_lb",
      "name": "elb",
      "provider": "provider[\"registry.terraform.io/hashicorp/aws\"]",
      "instances": [
        {
          "schema_version": 0,
          "attributes": {
            "access_logs": [
              {
                "bucket": "",
                "enabled": false,
                "prefix": ""
              }
            ],
            "arn": "arn:aws:elasticloadbalancing:ap-northeast-1:049405057902:loadbalancer/app/wp-alb/f9891062e2c93d7c",
            "arn_suffix": "app/wp-alb/f9891062e2c93d7c",
            "customer_owned_ipv4_pool": "",
            "dns_name": "wp-alb-400898233.ap-northeast-1.elb.amazonaws.com",
            "drop_invalid_header_fields": false,
            "enable_cross_zone_load_balancing": null,
            "enable_deletion_protection": false,
            "enable_http2": true,
            "id": "arn:aws:elasticloadbalancing:ap-northeast-1:049405057902:loadbalancer/app/wp-alb/f9891062e2c93d7c",
            "idle_timeout": 60,
            "internal": false,
            "ip_address_type": "ipv4",
            "load_balancer_type": "application",
            "name": "wp-alb",
            "name_prefix": null,
            "security_groups": [
              "sg-0224ff8bb5ae768d9"
            ],
            "subnet_mapping": [
              {
                "allocation_id": "",
                "outpost_id": "",
                "private_ipv4_address": "",
                "subnet_id": "subnet-058cf1ee0b2aa8906"
              },
              {
                "allocation_id": "",
                "outpost_id": "",
                "private_ipv4_address": "",
                "subnet_id": "subnet-0f3d7bc4efd4e3132"
              }
            ],
            "subnets": [
              "subnet-058cf1ee0b2aa8906",
              "subnet-0f3d7bc4efd4e3132"
            ],
            "tags": {},
            "timeouts": null,
            "vpc_id": "vpc-062f3fe63149620a8",
            "zone_id": "Z14GRHDCWA56QT"
          },
          "private": "eyJlMmJmYjczMC1lY2FhLTExZTYtOGY4OC0zNDM2M2JjN2M0YzAiOnsiY3JlYXRlIjo2MDAwMDAwMDAwMDAsImRlbGV0ZSI6NjAwMDAwMDAwMDAwLCJ1cGRhdGUiOjYwMDAwMDAwMDAwMH19",
          "dependencies": [
            "aws_security_group.elb",
            "aws_subnet.sub_pub_1a",
            "aws_subnet.sub_pub_1c",
            "aws_vpc.vpc"
          ]
        }
      ]
    },
    {
      "mode": "managed",
      "type": "aws_lb_listener",
      "name": "elb_http",
      "provider": "provider[\"registry.terraform.io/hashicorp/aws\"]",
      "instances": [
        {
          "schema_version": 0,
          "attributes": {
            "arn": "arn:aws:elasticloadbalancing:ap-northeast-1:049405057902:listener/app/wp-alb/f9891062e2c93d7c/f6578360d32abd37",
            "certificate_arn": null,
            "default_action": [
              {
                "authenticate_cognito": [],
                "authenticate_oidc": [],
                "fixed_response": [],
                "forward": [],
                "order": 1,
                "redirect": [],
                "target_group_arn": "arn:aws:elasticloadbalancing:ap-northeast-1:049405057902:targetgroup/wp-dev-alb-tg-http/83ec36254655a11a",
                "type": "forward"
              }
            ],
            "id": "arn:aws:elasticloadbalancing:ap-northeast-1:049405057902:listener/app/wp-alb/f9891062e2c93d7c/f6578360d32abd37",
            "load_balancer_arn": "arn:aws:elasticloadbalancing:ap-northeast-1:049405057902:loadbalancer/app/wp-alb/f9891062e2c93d7c",
            "port": 80,
            "protocol": "HTTP",
            "ssl_policy": "",
            "timeouts": null
          },
          "private": "eyJlMmJmYjczMC1lY2FhLTExZTYtOGY4OC0zNDM2M2JjN2M0YzAiOnsicmVhZCI6NjAwMDAwMDAwMDAwfX0=",
          "dependencies": [
            "aws_lb.elb",
            "aws_lb_target_group.ec2_http",
            "aws_security_group.elb",
            "aws_subnet.sub_pub_1a",
            "aws_subnet.sub_pub_1c",
            "aws_vpc.vpc"
          ]
        }
      ]
    },
    {
      "mode": "managed",
      "type": "aws_lb_target_group",
      "name": "ec2_http",
      "provider": "provider[\"registry.terraform.io/hashicorp/aws\"]",
      "instances": [
        {
          "schema_version": 0,
          "attributes": {
            "arn": "arn:aws:elasticloadbalancing:ap-northeast-1:049405057902:targetgroup/wp-dev-alb-tg-http/83ec36254655a11a",
            "arn_suffix": "targetgroup/wp-dev-alb-tg-http/83ec36254655a11a",
            "deregistration_delay": 300,
            "health_check": [
              {
                "enabled": true,
                "healthy_threshold": 3,
                "interval": 10,
                "matcher": "200",
                "path": "/",
                "port": "traffic-port",
                "protocol": "HTTP",
                "timeout": 5,
                "unhealthy_threshold": 3
              }
            ],
            "id": "arn:aws:elasticloadbalancing:ap-northeast-1:049405057902:targetgroup/wp-dev-alb-tg-http/83ec36254655a11a",
            "lambda_multi_value_headers_enabled": false,
            "load_balancing_algorithm_type": "round_robin",
            "name": "wp-dev-alb-tg-http",
            "name_prefix": null,
            "port": 80,
            "protocol": "HTTP",
            "proxy_protocol_v2": false,
            "slow_start": 0,
            "stickiness": [
              {
                "cookie_duration": 1800,
                "enabled": true,
                "type": "lb_cookie"
              }
            ],
            "tags": {},
            "target_type": "instance",
            "vpc_id": "vpc-062f3fe63149620a8"
          },
          "private": "bnVsbA==",
          "dependencies": [
            "aws_vpc.vpc"
          ]
        }
      ]
    },
    {
      "mode": "managed",
      "type": "aws_route_table",
      "name": "db_pri_rt",
      "provider": "provider[\"registry.terraform.io/hashicorp/aws\"]",
      "instances": [
        {
          "schema_version": 0,
          "attributes": {
            "id": "rtb-0ae1e3dbdcf5ab198",
            "owner_id": "049405057902",
            "propagating_vgws": [],
            "route": [],
            "tags": {
              "Name": "wp_dev_db_pri_rt"
            },
            "vpc_id": "vpc-062f3fe63149620a8"
          },
          "private": "bnVsbA==",
          "dependencies": [
            "aws_vpc.vpc"
          ]
        }
      ]
    },
    {
      "mode": "managed",
      "type": "aws_route_table",
      "name": "pub_rt",
      "provider": "provider[\"registry.terraform.io/hashicorp/aws\"]",
      "instances": [
        {
          "schema_version": 0,
          "attributes": {
            "id": "rtb-0909f0941b42dcc8c",
            "owner_id": "049405057902",
            "propagating_vgws": [],
            "route": [
              {
                "cidr_block": "0.0.0.0/0",
                "egress_only_gateway_id": "",
                "gateway_id": "igw-048e0a7bea51c6d8d",
                "instance_id": "",
                "ipv6_cidr_block": "",
                "local_gateway_id": "",
                "nat_gateway_id": "",
                "network_interface_id": "",
                "transit_gateway_id": "",
                "vpc_peering_connection_id": ""
              }
            ],
            "tags": {
              "Name": "wp_dev_pub_rt"
            },
            "vpc_id": "vpc-062f3fe63149620a8"
          },
          "private": "bnVsbA==",
          "dependencies": [
            "aws_internet_gateway.igw",
            "aws_vpc.vpc"
          ]
        }
      ]
    },
    {
      "mode": "managed",
      "type": "aws_route_table_association",
      "name": "sub_db_pri_1a_rt_assocication",
      "provider": "provider[\"registry.terraform.io/hashicorp/aws\"]",
      "instances": [
        {
          "schema_version": 0,
          "attributes": {
            "gateway_id": null,
            "id": "rtbassoc-0403622f90070841a",
            "route_table_id": "rtb-0ae1e3dbdcf5ab198",
            "subnet_id": "subnet-096cd96f1afbfe034"
          },
          "private": "bnVsbA==",
          "dependencies": [
            "aws_route_table.db_pri_rt",
            "aws_subnet.sub_db_pri_1a",
            "aws_vpc.vpc"
          ]
        }
      ]
    },
    {
      "mode": "managed",
      "type": "aws_route_table_association",
      "name": "sub_db_pri_1c_rt_assocication",
      "provider": "provider[\"registry.terraform.io/hashicorp/aws\"]",
      "instances": [
        {
          "schema_version": 0,
          "attributes": {
            "gateway_id": null,
            "id": "rtbassoc-0905de97ae877311d",
            "route_table_id": "rtb-0ae1e3dbdcf5ab198",
            "subnet_id": "subnet-0fd818aafe509cad4"
          },
          "private": "bnVsbA==",
          "dependencies": [
            "aws_route_table.db_pri_rt",
            "aws_subnet.sub_db_pri_1c",
            "aws_vpc.vpc"
          ]
        }
      ]
    },
    {
      "mode": "managed",
      "type": "aws_route_table_association",
      "name": "sub_pub_1a_rt_assocication",
      "provider": "provider[\"registry.terraform.io/hashicorp/aws\"]",
      "instances": [
        {
          "schema_version": 0,
          "attributes": {
            "gateway_id": null,
            "id": "rtbassoc-0f816438f326bc3c7",
            "route_table_id": "rtb-0909f0941b42dcc8c",
            "subnet_id": "subnet-058cf1ee0b2aa8906"
          },
          "private": "bnVsbA==",
          "dependencies": [
            "aws_internet_gateway.igw",
            "aws_route_table.pub_rt",
            "aws_subnet.sub_pub_1a",
            "aws_vpc.vpc"
          ]
        }
      ]
    },
    {
      "mode": "managed",
      "type": "aws_route_table_association",
      "name": "sub_pub_1c_rt_assocication",
      "provider": "provider[\"registry.terraform.io/hashicorp/aws\"]",
      "instances": [
        {
          "schema_version": 0,
          "attributes": {
            "gateway_id": null,
            "id": "rtbassoc-019d1acf78fb9098d",
            "route_table_id": "rtb-0909f0941b42dcc8c",
            "subnet_id": "subnet-0f3d7bc4efd4e3132"
          },
          "private": "bnVsbA==",
          "dependencies": [
            "aws_internet_gateway.igw",
            "aws_route_table.pub_rt",
            "aws_subnet.sub_pub_1c",
            "aws_vpc.vpc"
          ]
        }
      ]
    },
    {
      "mode": "managed",
      "type": "aws_security_group",
      "name": "ec2",
      "provider": "provider[\"registry.terraform.io/hashicorp/aws\"]",
      "instances": [
        {
          "schema_version": 1,
          "attributes": {
            "arn": "arn:aws:ec2:ap-northeast-1:049405057902:security-group/sg-0418aa45272d17552",
            "description": "wp_dev_sg_ec2",
            "egress": [
              {
                "cidr_blocks": [
                  "0.0.0.0/0"
                ],
                "description": "",
                "from_port": 0,
                "ipv6_cidr_blocks": [],
                "prefix_list_ids": [],
                "protocol": "-1",
                "security_groups": [],
                "self": false,
                "to_port": 0
              }
            ],
            "id": "sg-0418aa45272d17552",
            "ingress": [
              {
                "cidr_blocks": [
                  "0.0.0.0/0"
                ],
                "description": "",
                "from_port": 22,
                "ipv6_cidr_blocks": [],
                "prefix_list_ids": [],
                "protocol": "tcp",
                "security_groups": [],
                "self": false,
                "to_port": 22
              },
              {
                "cidr_blocks": [],
                "description": "",
                "from_port": 80,
                "ipv6_cidr_blocks": [],
                "prefix_list_ids": [],
                "protocol": "tcp",
                "security_groups": [
                  "sg-0224ff8bb5ae768d9"
                ],
                "self": false,
                "to_port": 80
              }
            ],
            "name": "wp_dev_sg_ec2",
            "name_prefix": "",
            "owner_id": "049405057902",
            "revoke_rules_on_delete": false,
            "tags": {
              "Name": "wp_dev_sg_ec2"
            },
            "timeouts": null,
            "vpc_id": "vpc-062f3fe63149620a8"
          },
          "private": "eyJlMmJmYjczMC1lY2FhLTExZTYtOGY4OC0zNDM2M2JjN2M0YzAiOnsiY3JlYXRlIjo2MDAwMDAwMDAwMDAsImRlbGV0ZSI6NjAwMDAwMDAwMDAwfSwic2NoZW1hX3ZlcnNpb24iOiIxIn0=",
          "dependencies": [
            "aws_vpc.vpc"
          ]
        }
      ]
    },
    {
      "mode": "managed",
      "type": "aws_security_group",
      "name": "efs",
      "provider": "provider[\"registry.terraform.io/hashicorp/aws\"]",
      "instances": [
        {
          "schema_version": 1,
          "attributes": {
            "arn": "arn:aws:ec2:ap-northeast-1:049405057902:security-group/sg-0496b4fc3b836d6bf",
            "description": "wp_dev_sg_efs",
            "egress": [
              {
                "cidr_blocks": [
                  "0.0.0.0/0"
                ],
                "description": "",
                "from_port": 0,
                "ipv6_cidr_blocks": [],
                "prefix_list_ids": [],
                "protocol": "-1",
                "security_groups": [],
                "self": false,
                "to_port": 0
              }
            ],
            "id": "sg-0496b4fc3b836d6bf",
            "ingress": [
              {
                "cidr_blocks": [],
                "description": "",
                "from_port": 2049,
                "ipv6_cidr_blocks": [],
                "prefix_list_ids": [],
                "protocol": "tcp",
                "security_groups": [
                  "sg-0418aa45272d17552"
                ],
                "self": false,
                "to_port": 2049
              }
            ],
            "name": "wp_dev_sg_efs",
            "name_prefix": "",
            "owner_id": "049405057902",
            "revoke_rules_on_delete": false,
            "tags": {
              "Name": "wp_dev_sg_efs"
            },
            "timeouts": null,
            "vpc_id": "vpc-062f3fe63149620a8"
          },
          "private": "eyJlMmJmYjczMC1lY2FhLTExZTYtOGY4OC0zNDM2M2JjN2M0YzAiOnsiY3JlYXRlIjo2MDAwMDAwMDAwMDAsImRlbGV0ZSI6NjAwMDAwMDAwMDAwfSwic2NoZW1hX3ZlcnNpb24iOiIxIn0=",
          "dependencies": [
            "aws_security_group.ec2",
            "aws_vpc.vpc"
          ]
        }
      ]
    },
    {
      "mode": "managed",
      "type": "aws_security_group",
      "name": "elb",
      "provider": "provider[\"registry.terraform.io/hashicorp/aws\"]",
      "instances": [
        {
          "schema_version": 1,
          "attributes": {
            "arn": "arn:aws:ec2:ap-northeast-1:049405057902:security-group/sg-0224ff8bb5ae768d9",
            "description": "wp_dev_sg_alb",
            "egress": [
              {
                "cidr_blocks": [
                  "0.0.0.0/0"
                ],
                "description": "",
                "from_port": 0,
                "ipv6_cidr_blocks": [],
                "prefix_list_ids": [],
                "protocol": "-1",
                "security_groups": [],
                "self": false,
                "to_port": 0
              }
            ],
            "id": "sg-0224ff8bb5ae768d9",
            "ingress": [
              {
                "cidr_blocks": [
                  "0.0.0.0/0"
                ],
                "description": "",
                "from_port": 80,
                "ipv6_cidr_blocks": [],
                "prefix_list_ids": [],
                "protocol": "tcp",
                "security_groups": [],
                "self": false,
                "to_port": 80
              }
            ],
            "name": "wp_dev_sg_alb",
            "name_prefix": "",
            "owner_id": "049405057902",
            "revoke_rules_on_delete": false,
            "tags": {
              "Name": "wp_dev_sg_alb"
            },
            "timeouts": null,
            "vpc_id": "vpc-062f3fe63149620a8"
          },
          "private": "eyJlMmJmYjczMC1lY2FhLTExZTYtOGY4OC0zNDM2M2JjN2M0YzAiOnsiY3JlYXRlIjo2MDAwMDAwMDAwMDAsImRlbGV0ZSI6NjAwMDAwMDAwMDAwfSwic2NoZW1hX3ZlcnNpb24iOiIxIn0=",
          "dependencies": [
            "aws_vpc.vpc"
          ]
        }
      ]
    },
    {
      "mode": "managed",
      "type": "aws_security_group",
      "name": "rds",
      "provider": "provider[\"registry.terraform.io/hashicorp/aws\"]",
      "instances": [
        {
          "schema_version": 1,
          "attributes": {
            "arn": "arn:aws:ec2:ap-northeast-1:049405057902:security-group/sg-05d5d5a136d7a7f21",
            "description": "wp_dev_sg_rds",
            "egress": [
              {
                "cidr_blocks": [
                  "0.0.0.0/0"
                ],
                "description": "",
                "from_port": 0,
                "ipv6_cidr_blocks": [],
                "prefix_list_ids": [],
                "protocol": "-1",
                "security_groups": [],
                "self": false,
                "to_port": 0
              }
            ],
            "id": "sg-05d5d5a136d7a7f21",
            "ingress": [
              {
                "cidr_blocks": [],
                "description": "",
                "from_port": 3306,
                "ipv6_cidr_blocks": [],
                "prefix_list_ids": [],
                "protocol": "tcp",
                "security_groups": [
                  "sg-0418aa45272d17552"
                ],
                "self": false,
                "to_port": 3306
              }
            ],
            "name": "wp_dev_sg_rds",
            "name_prefix": "",
            "owner_id": "049405057902",
            "revoke_rules_on_delete": false,
            "tags": {
              "Name": "wp_dev_sg_rds"
            },
            "timeouts": null,
            "vpc_id": "vpc-062f3fe63149620a8"
          },
          "private": "eyJlMmJmYjczMC1lY2FhLTExZTYtOGY4OC0zNDM2M2JjN2M0YzAiOnsiY3JlYXRlIjo2MDAwMDAwMDAwMDAsImRlbGV0ZSI6NjAwMDAwMDAwMDAwfSwic2NoZW1hX3ZlcnNpb24iOiIxIn0=",
          "dependencies": [
            "aws_security_group.ec2",
            "aws_vpc.vpc"
          ]
        }
      ]
    },
    {
      "mode": "managed",
      "type": "aws_security_group_rule",
      "name": "inbound_http",
      "provider": "provider[\"registry.terraform.io/hashicorp/aws\"]",
      "instances": [
        {
          "schema_version": 2,
          "attributes": {
            "cidr_blocks": [],
            "description": "",
            "from_port": 80,
            "id": "sgrule-1550833678",
            "ipv6_cidr_blocks": [],
            "prefix_list_ids": [],
            "protocol": "tcp",
            "security_group_id": "sg-0418aa45272d17552",
            "self": false,
            "source_security_group_id": "sg-0224ff8bb5ae768d9",
            "to_port": 80,
            "type": "ingress"
          },
          "private": "eyJzY2hlbWFfdmVyc2lvbiI6IjIifQ==",
          "dependencies": [
            "aws_security_group.ec2",
            "aws_security_group.elb",
            "aws_vpc.vpc"
          ]
        }
      ]
    },
    {
      "mode": "managed",
      "type": "aws_security_group_rule",
      "name": "inbound_ssh",
      "provider": "provider[\"registry.terraform.io/hashicorp/aws\"]",
      "instances": [
        {
          "schema_version": 2,
          "attributes": {
            "cidr_blocks": [
              "0.0.0.0/0"
            ],
            "description": "",
            "from_port": 22,
            "id": "sgrule-2602023233",
            "ipv6_cidr_blocks": [],
            "prefix_list_ids": [],
            "protocol": "tcp",
            "security_group_id": "sg-0418aa45272d17552",
            "self": false,
            "source_security_group_id": null,
            "to_port": 22,
            "type": "ingress"
          },
          "private": "eyJzY2hlbWFfdmVyc2lvbiI6IjIifQ==",
          "dependencies": [
            "aws_security_group.ec2",
            "aws_vpc.vpc"
          ]
        }
      ]
    },
    {
      "mode": "managed",
      "type": "aws_subnet",
      "name": "sub_db_pri_1a",
      "provider": "provider[\"registry.terraform.io/hashicorp/aws\"]",
      "instances": [
        {
          "schema_version": 1,
          "attributes": {
            "arn": "arn:aws:ec2:ap-northeast-1:049405057902:subnet/subnet-096cd96f1afbfe034",
            "assign_ipv6_address_on_creation": false,
            "availability_zone": "ap-northeast-1a",
            "availability_zone_id": "apne1-az4",
            "cidr_block": "10.0.20.0/24",
            "id": "subnet-096cd96f1afbfe034",
            "ipv6_cidr_block": "",
            "ipv6_cidr_block_association_id": "",
            "map_public_ip_on_launch": false,
            "outpost_arn": "",
            "owner_id": "049405057902",
            "tags": {
              "Name": "wp_dev_sub_db_pri_1a"
            },
            "timeouts": null,
            "vpc_id": "vpc-062f3fe63149620a8"
          },
          "private": "eyJlMmJmYjczMC1lY2FhLTExZTYtOGY4OC0zNDM2M2JjN2M0YzAiOnsiY3JlYXRlIjo2MDAwMDAwMDAwMDAsImRlbGV0ZSI6MTIwMDAwMDAwMDAwMH0sInNjaGVtYV92ZXJzaW9uIjoiMSJ9",
          "dependencies": [
            "aws_vpc.vpc"
          ]
        }
      ]
    },
    {
      "mode": "managed",
      "type": "aws_subnet",
      "name": "sub_db_pri_1c",
      "provider": "provider[\"registry.terraform.io/hashicorp/aws\"]",
      "instances": [
        {
          "schema_version": 1,
          "attributes": {
            "arn": "arn:aws:ec2:ap-northeast-1:049405057902:subnet/subnet-0fd818aafe509cad4",
            "assign_ipv6_address_on_creation": false,
            "availability_zone": "ap-northeast-1c",
            "availability_zone_id": "apne1-az1",
            "cidr_block": "10.0.21.0/24",
            "id": "subnet-0fd818aafe509cad4",
            "ipv6_cidr_block": "",
            "ipv6_cidr_block_association_id": "",
            "map_public_ip_on_launch": false,
            "outpost_arn": "",
            "owner_id": "049405057902",
            "tags": {
              "Name": "wp_dev_sub_db_pri_1c"
            },
            "timeouts": null,
            "vpc_id": "vpc-062f3fe63149620a8"
          },
          "private": "eyJlMmJmYjczMC1lY2FhLTExZTYtOGY4OC0zNDM2M2JjN2M0YzAiOnsiY3JlYXRlIjo2MDAwMDAwMDAwMDAsImRlbGV0ZSI6MTIwMDAwMDAwMDAwMH0sInNjaGVtYV92ZXJzaW9uIjoiMSJ9",
          "dependencies": [
            "aws_vpc.vpc"
          ]
        }
      ]
    },
    {
      "mode": "managed",
      "type": "aws_subnet",
      "name": "sub_pub_1a",
      "provider": "provider[\"registry.terraform.io/hashicorp/aws\"]",
      "instances": [
        {
          "schema_version": 1,
          "attributes": {
            "arn": "arn:aws:ec2:ap-northeast-1:049405057902:subnet/subnet-058cf1ee0b2aa8906",
            "assign_ipv6_address_on_creation": false,
            "availability_zone": "ap-northeast-1a",
            "availability_zone_id": "apne1-az4",
            "cidr_block": "10.0.0.0/24",
            "id": "subnet-058cf1ee0b2aa8906",
            "ipv6_cidr_block": "",
            "ipv6_cidr_block_association_id": "",
            "map_public_ip_on_launch": true,
            "outpost_arn": "",
            "owner_id": "049405057902",
            "tags": {
              "Name": "wp_dev_sub_pub_1a"
            },
            "timeouts": null,
            "vpc_id": "vpc-062f3fe63149620a8"
          },
          "private": "eyJlMmJmYjczMC1lY2FhLTExZTYtOGY4OC0zNDM2M2JjN2M0YzAiOnsiY3JlYXRlIjo2MDAwMDAwMDAwMDAsImRlbGV0ZSI6MTIwMDAwMDAwMDAwMH0sInNjaGVtYV92ZXJzaW9uIjoiMSJ9",
          "dependencies": [
            "aws_vpc.vpc"
          ]
        }
      ]
    },
    {
      "mode": "managed",
      "type": "aws_subnet",
      "name": "sub_pub_1c",
      "provider": "provider[\"registry.terraform.io/hashicorp/aws\"]",
      "instances": [
        {
          "schema_version": 1,
          "attributes": {
            "arn": "arn:aws:ec2:ap-northeast-1:049405057902:subnet/subnet-0f3d7bc4efd4e3132",
            "assign_ipv6_address_on_creation": false,
            "availability_zone": "ap-northeast-1c",
            "availability_zone_id": "apne1-az1",
            "cidr_block": "10.0.1.0/24",
            "id": "subnet-0f3d7bc4efd4e3132",
            "ipv6_cidr_block": "",
            "ipv6_cidr_block_association_id": "",
            "map_public_ip_on_launch": true,
            "outpost_arn": "",
            "owner_id": "049405057902",
            "tags": {
              "Name": "wp_dev_sub_pub_1c"
            },
            "timeouts": null,
            "vpc_id": "vpc-062f3fe63149620a8"
          },
          "private": "eyJlMmJmYjczMC1lY2FhLTExZTYtOGY4OC0zNDM2M2JjN2M0YzAiOnsiY3JlYXRlIjo2MDAwMDAwMDAwMDAsImRlbGV0ZSI6MTIwMDAwMDAwMDAwMH0sInNjaGVtYV92ZXJzaW9uIjoiMSJ9",
          "dependencies": [
            "aws_vpc.vpc"
          ]
        }
      ]
    },
    {
      "mode": "managed",
      "type": "aws_vpc",
      "name": "vpc",
      "provider": "provider[\"registry.terraform.io/hashicorp/aws\"]",
      "instances": [
        {
          "schema_version": 1,
          "attributes": {
            "arn": "arn:aws:ec2:ap-northeast-1:049405057902:vpc/vpc-062f3fe63149620a8",
            "assign_generated_ipv6_cidr_block": false,
            "cidr_block": "10.0.0.0/16",
            "default_network_acl_id": "acl-097b36683e4d16efb",
            "default_route_table_id": "rtb-0afc71a26cd57c0c3",
            "default_security_group_id": "sg-092eec959ac246a6d",
            "dhcp_options_id": "dopt-5e266c39",
            "enable_classiclink": false,
            "enable_classiclink_dns_support": false,
            "enable_dns_hostnames": true,
            "enable_dns_support": true,
            "id": "vpc-062f3fe63149620a8",
            "instance_tenancy": "default",
            "ipv6_association_id": "",
            "ipv6_cidr_block": "",
            "main_route_table_id": "rtb-0afc71a26cd57c0c3",
            "owner_id": "049405057902",
            "tags": {
              "Name": "wp_dev_vpc"
            }
          },
          "private": "eyJzY2hlbWFfdmVyc2lvbiI6IjEifQ=="
        }
      ]
    }
  ]
}
